
Microsoft Visual Studio Solution File, Format Version 12.00
# Visual Studio 14
VisualStudioVersion = 14.0.25029.0
MinimumVisualStudioVersion = 10.0.40219.1
Project("{8BC9CEB8-8B4A-11D0-8D11-00A0C91BC942}") = "ExampleApp32bitYasm1", "App32bitYasm1\ExampleApp32bitYasm1.vcxproj", "{9CB4B7A1-C49A-45B4-B903-2FE211452AB3}"
EndProject
Project("{8BC9CEB8-8B4A-11D0-8D11-00A0C91BC942}") = "ExampleApp64bitYasm1", "App64bitYasm1\ExampleApp64bitYasm1.vcxproj", "{423FB313-D6AB-4CD0-8C70-287582AB584E}"
EndProject
Project("{8BC9CEB8-8B4A-11D0-8D11-00A0C91BC942}") = "App32bitJni1", "App32bitJni1\App32bitJni1.vcxproj", "{3B0823AB-5118-4568-9083-7623206359F3}"
EndProject
Project("{8BC9CEB8-8B4A-11D0-8D11-00A0C91BC942}") = "App64bitsJni1", "App64bitJni1\App64bitJni1.vcxproj", "{FF601137-9FE4-4F56-BE4B-0848F579C70D}"
EndProject
Global
	GlobalSection(SolutionConfigurationPlatforms) = preSolution
		Debug|x64 = Debug|x64
		Debug|x86 = Debug|x86
		Release|x64 = Release|x64
		Release|x86 = Release|x86
	EndGlobalSection
	GlobalSection(ProjectConfigurationPlatforms) = postSolution
		{9CB4B7A1-C49A-45B4-B903-2FE211452AB3}.Debug|x64.ActiveCfg = Debug|x64
		{9CB4B7A1-C49A-45B4-B903-2FE211452AB3}.Debug|x64.Build.0 = Debug|x64
		{9CB4B7A1-C49A-45B4-B903-2FE211452AB3}.Debug|x86.ActiveCfg = Debug|Win32
		{9CB4B7A1-C49A-45B4-B903-2FE211452AB3}.Debug|x86.Build.0 = Debug|Win32
		{9CB4B7A1-C49A-45B4-B903-2FE211452AB3}.Release|x64.ActiveCfg = Release|x64
		{9CB4B7A1-C49A-45B4-B903-2FE211452AB3}.Release|x64.Build.0 = Release|x64
		{9CB4B7A1-C49A-45B4-B903-2FE211452AB3}.Release|x86.ActiveCfg = Release|Win32
		{9CB4B7A1-C49A-45B4-B903-2FE211452AB3}.Release|x86.Build.0 = Release|Win32
		{423FB313-D6AB-4CD0-8C70-287582AB584E}.Debug|x64.ActiveCfg = Debug|x64
		{423FB313-D6AB-4CD0-8C70-287582AB584E}.Debug|x64.Build.0 = Debug|x64
		{423FB313-D6AB-4CD0-8C70-287582AB584E}.Debug|x86.ActiveCfg = Debug|Win32
		{423FB313-D6AB-4CD0-8C70-287582AB584E}.Debug|x86.Build.0 = Debug|Win32
		{423FB313-D6AB-4CD0-8C70-287582AB584E}.Release|x64.ActiveCfg = Release|x64
		{423FB313-D6AB-4CD0-8C70-287582AB584E}.Release|x64.Build.0 = Release|x64
		{423FB313-D6AB-4CD0-8C70-287582AB584E}.Release|x86.ActiveCfg = Release|Win32
		{423FB313-D6AB-4CD0-8C70-287582AB584E}.Release|x86.Build.0 = Release|Win32
		{3B0823AB-5118-4568-9083-7623206359F3}.Debug|x64.ActiveCfg = Debug|x64
		{3B0823AB-5118-4568-9083-7623206359F3}.Debug|x64.Build.0 = Debug|x64
		{3B0823AB-5118-4568-9083-7623206359F3}.Debug|x86.ActiveCfg = Debug|Win32
		{3B0823AB-5118-4568-9083-7623206359F3}.Debug|x86.Build.0 = Debug|Win32
		{3B0823AB-5118-4568-9083-7623206359F3}.Release|x64.ActiveCfg = Release|x64
		{3B0823AB-5118-4568-9083-7623206359F3}.Release|x64.Build.0 = Release|x64
		{3B0823AB-5118-4568-9083-7623206359F3}.Release|x86.ActiveCfg = Release|Win32
		{3B0823AB-5118-4568-9083-7623206359F3}.Release|x86.Build.0 = Release|Win32
		{FF601137-9FE4-4F56-BE4B-0848F579C70D}.Debug|x64.ActiveCfg = Debug|x64
		{FF601137-9FE4-4F56-BE4B-0848F579C70D}.Debug|x64.Build.0 = Debug|x64
		{FF601137-9FE4-4F56-BE4B-0848F579C70D}.Debug|x86.ActiveCfg = Debug|Win32
		{FF601137-9FE4-4F56-BE4B-0848F579C70D}.Debug|x86.Build.0 = Debug|Win32
		{FF601137-9FE4-4F56-BE4B-0848F579C70D}.Release|x64.ActiveCfg = Release|x64
		{FF601137-9FE4-4F56-BE4B-0848F579C70D}.Release|x64.Build.0 = Release|x64
		{FF601137-9FE4-4F56-BE4B-0848F579C70D}.Release|x86.ActiveCfg = Release|Win32
		{FF601137-9FE4-4F56-BE4B-0848F579C70D}.Release|x86.Build.0 = Release|Win32
	EndGlobalSection
	GlobalSection(SolutionProperties) = preSolution
		HideSolutionNode = FALSE
	EndGlobalSection
EndGlobal
